
Microsoft Visual Studio Solution File, Format Version 12.00
# Visual Studio Version 17
VisualStudioVersion = 17.13.35919.96
MinimumVisualStudioVersion = 10.0.40219.1
Project("{FAE04EC0-301F-11D3-BF4B-00C04F79EFBC}") = "RichTextEditorFontsize", "RichTextEditorFontsize\RichTextEditorFontsize.csproj", "{DECEEF2E-A820-4711-BBDE-D67D3AB344D0}"
EndProject
Global
	GlobalSection(SolutionConfigurationPlatforms) = preSolution
		Debug|Any CPU = Debug|Any CPU
		Release|Any CPU = Release|Any CPU
	EndGlobalSection
	GlobalSection(ProjectConfigurationPlatforms) = postSolution
		{DECEEF2E-A820-4711-BBDE-D67D3AB344D0}.Debug|Any CPU.ActiveCfg = Debug|Any CPU
		{DECEEF2E-A820-4711-BBDE-D67D3AB344D0}.Debug|Any CPU.Build.0 = Debug|Any CPU
		{DECEEF2E-A820-4711-BBDE-D67D3AB344D0}.Release|Any CPU.ActiveCfg = Release|Any CPU
		{DECEEF2E-A820-4711-BBDE-D67D3AB344D0}.Release|Any CPU.Build.0 = Release|Any CPU
	EndGlobalSection
	GlobalSection(SolutionProperties) = preSolution
		HideSolutionNode = FALSE
	EndGlobalSection
	GlobalSection(ExtensibilityGlobals) = postSolution
		SolutionGuid = {D876C8F7-3DA6-432F-BE51-CDA98A218CDD}
	EndGlobalSection
EndGlobal
